
Microsoft Visual Studio Solution File, Format Version 12.00
# Visual Studio Version 17
VisualStudioVersion = 17.9.34714.143
MinimumVisualStudioVersion = 10.0.40219.1
Project("{FAE04EC0-301F-11D3-BF4B-00C04F79EFBC}") = "Nest", "Nest.csproj", "{D1E27CD3-98D9-4FBB-BDAE-E9D9DD3544B5}"
EndProject
Global
	GlobalSection(SolutionConfigurationPlatforms) = preSolution
		Debug|Any CPU = Debug|Any CPU
		Release|Any CPU = Release|Any CPU
		Test|Any CPU = Test|Any CPU
	EndGlobalSection
	GlobalSection(ProjectConfigurationPlatforms) = postSolution
		{D1E27CD3-98D9-4FBB-BDAE-E9D9DD3544B5}.Debug|Any CPU.ActiveCfg = Debug|Any CPU
		{D1E27CD3-98D9-4FBB-BDAE-E9D9DD3544B5}.Debug|Any CPU.Build.0 = Debug|Any CPU
		{D1E27CD3-98D9-4FBB-BDAE-E9D9DD3544B5}.Release|Any CPU.ActiveCfg = Release|Any CPU
		{D1E27CD3-98D9-4FBB-BDAE-E9D9DD3544B5}.Release|Any CPU.Build.0 = Release|Any CPU
		{D1E27CD3-98D9-4FBB-BDAE-E9D9DD3544B5}.Test|Any CPU.ActiveCfg = Test|Any CPU
		{D1E27CD3-98D9-4FBB-BDAE-E9D9DD3544B5}.Test|Any CPU.Build.0 = Test|Any CPU
	EndGlobalSection
	GlobalSection(SolutionProperties) = preSolution
		HideSolutionNode = FALSE
	EndGlobalSection
	GlobalSection(ExtensibilityGlobals) = postSolution
		SolutionGuid = {A50A0B2F-7D78-4DCD-823F-2CE1B297981D}
	EndGlobalSection
EndGlobal
